// !$*UTF8*$!
{
	archiveVersion = 1;
	classes = {
	};
	objectVersion = 52;
	objects = {

/* Begin PBXBuildFile section */
		C00C73C4241BF3D9007188D8 /* SDWebImage in Frameworks */ = {isa = PBXBuildFile; productRef = C00C73C3241BF3D9007188D8 /* SDWebImage */; };
		C00DEFDD241D80380064CFAB /* CustomFormTextField.swift in Sources */ = {isa = PBXBuildFile; fileRef = C00DEFDC241D80380064CFAB /* CustomFormTextField.swift */; };
		C00DEFDF241D86870064CFAB /* TransactionCell.swift in Sources */ = {isa = PBXBuildFile; fileRef = C00DEFDE241D86870064CFAB /* TransactionCell.swift */; };
		C00DEFE1241D87520064CFAB /* CustomTextFieldToolBar.swift in Sources */ = {isa = PBXBuildFile; fileRef = C00DEFE0241D87520064CFAB /* CustomTextFieldToolBar.swift */; };
		C00DEFE3241DC28E0064CFAB /* TransactionSenderView.swift in Sources */ = {isa = PBXBuildFile; fileRef = C00DEFE2241DC28E0064CFAB /* TransactionSenderView.swift */; };
		C0187A86241E8B53001B0394 /* TransactionReceiveView.swift in Sources */ = {isa = PBXBuildFile; fileRef = C0187A85241E8B53001B0394 /* TransactionReceiveView.swift */; };
		C0187A8B241E8BFB001B0394 /* TransactionHeaderView.swift in Sources */ = {isa = PBXBuildFile; fileRef = C0187A8A241E8BFB001B0394 /* TransactionHeaderView.swift */; };
		C0187A8D241EA877001B0394 /* FooterView.swift in Sources */ = {isa = PBXBuildFile; fileRef = C0187A8C241EA877001B0394 /* FooterView.swift */; };
		C0187A8F241EA93F001B0394 /* TableWithSearchVC.swift in Sources */ = {isa = PBXBuildFile; fileRef = C0187A8E241EA93F001B0394 /* TableWithSearchVC.swift */; };
		C0187A92241ECD8C001B0394 /* FormTextField.swift in Sources */ = {isa = PBXBuildFile; fileRef = C0187A91241ECD8C001B0394 /* FormTextField.swift */; };
		C0187A95241EDF94001B0394 /* NewRecipientNameView.swift in Sources */ = {isa = PBXBuildFile; fileRef = C0187A94241EDF94001B0394 /* NewRecipientNameView.swift */; };
		C0187A97241EDFC6001B0394 /* NewRecipientCell.swift in Sources */ = {isa = PBXBuildFile; fileRef = C0187A96241EDFC6001B0394 /* NewRecipientCell.swift */; };
		C0187A99241F0406001B0394 /* NewRecipientCountryView.swift in Sources */ = {isa = PBXBuildFile; fileRef = C0187A98241F0406001B0394 /* NewRecipientCountryView.swift */; };
		C0187A9B241F07C9001B0394 /* NewRecipientVC.swift in Sources */ = {isa = PBXBuildFile; fileRef = C0187A9A241F07C9001B0394 /* NewRecipientVC.swift */; };
		C0187A9D241F1378001B0394 /* NewRecipientPhoneView.swift in Sources */ = {isa = PBXBuildFile; fileRef = C0187A9C241F1378001B0394 /* NewRecipientPhoneView.swift */; };
		C0212AA9241C197400E02C43 /* SendMoneyInitialView.swift in Sources */ = {isa = PBXBuildFile; fileRef = C0212AA8241C197400E02C43 /* SendMoneyInitialView.swift */; };
		C0212AAB241C19C300E02C43 /* ContinentListVC.swift in Sources */ = {isa = PBXBuildFile; fileRef = C0212AAA241C19C300E02C43 /* ContinentListVC.swift */; };
		C0212AAD241C1A1800E02C43 /* CountryListVC.swift in Sources */ = {isa = PBXBuildFile; fileRef = C0212AAC241C1A1800E02C43 /* CountryListVC.swift */; };
		C0212AAF241C254300E02C43 /* CountryListView.swift in Sources */ = {isa = PBXBuildFile; fileRef = C0212AAE241C254300E02C43 /* CountryListView.swift */; };
		C0212AB2241D588D00E02C43 /* Extensions.swift in Sources */ = {isa = PBXBuildFile; fileRef = C0212AB1241D588D00E02C43 /* Extensions.swift */; };
		C0212AB4241D617900E02C43 /* ContinentListCell.swift in Sources */ = {isa = PBXBuildFile; fileRef = C0212AB3241D617900E02C43 /* ContinentListCell.swift */; };
		C0212AB6241D61AB00E02C43 /* CountryListCell.swift in Sources */ = {isa = PBXBuildFile; fileRef = C0212AB5241D61AB00E02C43 /* CountryListCell.swift */; };
		C0212AB8241D61CD00E02C43 /* TransactionVC.swift in Sources */ = {isa = PBXBuildFile; fileRef = C0212AB7241D61CD00E02C43 /* TransactionVC.swift */; };
		C0FE6C6A241B8D64002D41EC /* AppDelegate.swift in Sources */ = {isa = PBXBuildFile; fileRef = C0FE6C69241B8D64002D41EC /* AppDelegate.swift */; };
		C0FE6C6C241B8D64002D41EC /* SceneDelegate.swift in Sources */ = {isa = PBXBuildFile; fileRef = C0FE6C6B241B8D64002D41EC /* SceneDelegate.swift */; };
		C0FE6C6E241B8D64002D41EC /* ContentView.swift in Sources */ = {isa = PBXBuildFile; fileRef = C0FE6C6D241B8D64002D41EC /* ContentView.swift */; };
		C0FE6C70241B8D67002D41EC /* Assets.xcassets in Resources */ = {isa = PBXBuildFile; fileRef = C0FE6C6F241B8D67002D41EC /* Assets.xcassets */; };
		C0FE6C73241B8D67002D41EC /* Preview Assets.xcassets in Resources */ = {isa = PBXBuildFile; fileRef = C0FE6C72241B8D67002D41EC /* Preview Assets.xcassets */; };
		C0FE6C76241B8D67002D41EC /* LaunchScreen.storyboard in Resources */ = {isa = PBXBuildFile; fileRef = C0FE6C74241B8D67002D41EC /* LaunchScreen.storyboard */; };
		C0FE6C7F241B9622002D41EC /* ServiceAPI in Frameworks */ = {isa = PBXBuildFile; productRef = C0FE6C7E241B9622002D41EC /* ServiceAPI */; };
		C0FE6C81241B9634002D41EC /* ServiceManager.swift in Sources */ = {isa = PBXBuildFile; fileRef = C0FE6C80241B9634002D41EC /* ServiceManager.swift */; };
		C0FE6C83241B96D9002D41EC /* CurrenciesModel.swift in Sources */ = {isa = PBXBuildFile; fileRef = C0FE6C82241B96D9002D41EC /* CurrenciesModel.swift */; };
		C0FE6C85241B99E0002D41EC /* SendMoneyVC.swift in Sources */ = {isa = PBXBuildFile; fileRef = C0FE6C84241B99E0002D41EC /* SendMoneyVC.swift */; };
		C0FE6C87241B9BF7002D41EC /* SendMoneyVM.swift in Sources */ = {isa = PBXBuildFile; fileRef = C0FE6C86241B9BF7002D41EC /* SendMoneyVM.swift */; };
		C0FE6C8E241BA3E2002D41EC /* CustomClassSPM in Frameworks */ = {isa = PBXBuildFile; productRef = C0FE6C8D241BA3E2002D41EC /* CustomClassSPM */; };
		C0FE6C91241BE322002D41EC /* CardViewSPM in Frameworks */ = {isa = PBXBuildFile; productRef = C0FE6C90241BE322002D41EC /* CardViewSPM */; };
		C0FE6C93241BEE82002D41EC /* destination.json in Resources */ = {isa = PBXBuildFile; fileRef = C0FE6C92241BEE82002D41EC /* destination.json */; };
		C0FE6C99241BF244002D41EC /* DestionationModel.swift in Sources */ = {isa = PBXBuildFile; fileRef = C0FE6C98241BF244002D41EC /* DestionationModel.swift */; };
/* End PBXBuildFile section */

/* Begin PBXFileReference section */
		C00DEFDC241D80380064CFAB /* CustomFormTextField.swift */ = {isa = PBXFileReference; lastKnownFileType = sourcecode.swift; path = CustomFormTextField.swift; sourceTree = "<group>"; };
		C00DEFDE241D86870064CFAB /* TransactionCell.swift */ = {isa = PBXFileReference; lastKnownFileType = sourcecode.swift; path = TransactionCell.swift; sourceTree = "<group>"; };
		C00DEFE0241D87520064CFAB /* CustomTextFieldToolBar.swift */ = {isa = PBXFileReference; lastKnownFileType = sourcecode.swift; path = CustomTextFieldToolBar.swift; sourceTree = "<group>"; };
		C00DEFE2241DC28E0064CFAB /* TransactionSenderView.swift */ = {isa = PBXFileReference; lastKnownFileType = sourcecode.swift; path = TransactionSenderView.swift; sourceTree = "<group>"; };
		C0187A85241E8B53001B0394 /* TransactionReceiveView.swift */ = {isa = PBXFileReference; lastKnownFileType = sourcecode.swift; path = TransactionReceiveView.swift; sourceTree = "<group>"; };
		C0187A8A241E8BFB001B0394 /* TransactionHeaderView.swift */ = {isa = PBXFileReference; lastKnownFileType = sourcecode.swift; path = TransactionHeaderView.swift; sourceTree = "<group>"; };
		C0187A8C241EA877001B0394 /* FooterView.swift */ = {isa = PBXFileReference; lastKnownFileType = sourcecode.swift; path = FooterView.swift; sourceTree = "<group>"; };
		C0187A8E241EA93F001B0394 /* TableWithSearchVC.swift */ = {isa = PBXFileReference; lastKnownFileType = sourcecode.swift; path = TableWithSearchVC.swift; sourceTree = "<group>"; };
		C0187A91241ECD8C001B0394 /* FormTextField.swift */ = {isa = PBXFileReference; lastKnownFileType = sourcecode.swift; path = FormTextField.swift; sourceTree = "<group>"; };
		C0187A94241EDF94001B0394 /* NewRecipientNameView.swift */ = {isa = PBXFileReference; lastKnownFileType = sourcecode.swift; path = NewRecipientNameView.swift; sourceTree = "<group>"; };
		C0187A96241EDFC6001B0394 /* NewRecipientCell.swift */ = {isa = PBXFileReference; lastKnownFileType = sourcecode.swift; path = NewRecipientCell.swift; sourceTree = "<group>"; };
		C0187A98241F0406001B0394 /* NewRecipientCountryView.swift */ = {isa = PBXFileReference; lastKnownFileType = sourcecode.swift; path = NewRecipientCountryView.swift; sourceTree = "<group>"; };
		C0187A9A241F07C9001B0394 /* NewRecipientVC.swift */ = {isa = PBXFileReference; lastKnownFileType = sourcecode.swift; path = NewRecipientVC.swift; sourceTree = "<group>"; };
		C0187A9C241F1378001B0394 /* NewRecipientPhoneView.swift */ = {isa = PBXFileReference; lastKnownFileType = sourcecode.swift; path = NewRecipientPhoneView.swift; sourceTree = "<group>"; };
		C0212AA8241C197400E02C43 /* SendMoneyInitialView.swift */ = {isa = PBXFileReference; lastKnownFileType = sourcecode.swift; path = SendMoneyInitialView.swift; sourceTree = "<group>"; };
		C0212AAA241C19C300E02C43 /* ContinentListVC.swift */ = {isa = PBXFileReference; lastKnownFileType = sourcecode.swift; path = ContinentListVC.swift; sourceTree = "<group>"; };
		C0212AAC241C1A1800E02C43 /* CountryListVC.swift */ = {isa = PBXFileReference; lastKnownFileType = sourcecode.swift; path = CountryListVC.swift; sourceTree = "<group>"; };
		C0212AAE241C254300E02C43 /* CountryListView.swift */ = {isa = PBXFileReference; lastKnownFileType = sourcecode.swift; path = CountryListView.swift; sourceTree = "<group>"; };
		C0212AB1241D588D00E02C43 /* Extensions.swift */ = {isa = PBXFileReference; lastKnownFileType = sourcecode.swift; path = Extensions.swift; sourceTree = "<group>"; };
		C0212AB3241D617900E02C43 /* ContinentListCell.swift */ = {isa = PBXFileReference; lastKnownFileType = sourcecode.swift; path = ContinentListCell.swift; sourceTree = "<group>"; };
		C0212AB5241D61AB00E02C43 /* CountryListCell.swift */ = {isa = PBXFileReference; lastKnownFileType = sourcecode.swift; path = CountryListCell.swift; sourceTree = "<group>"; };
		C0212AB7241D61CD00E02C43 /* TransactionVC.swift */ = {isa = PBXFileReference; lastKnownFileType = sourcecode.swift; path = TransactionVC.swift; sourceTree = "<group>"; };
		C0FE6C66241B8D64002D41EC /* PenguinPay.app */ = {isa = PBXFileReference; explicitFileType = wrapper.application; includeInIndex = 0; path = PenguinPay.app; sourceTree = BUILT_PRODUCTS_DIR; };
		C0FE6C69241B8D64002D41EC /* AppDelegate.swift */ = {isa = PBXFileReference; lastKnownFileType = sourcecode.swift; path = AppDelegate.swift; sourceTree = "<group>"; };
		C0FE6C6B241B8D64002D41EC /* SceneDelegate.swift */ = {isa = PBXFileReference; lastKnownFileType = sourcecode.swift; path = SceneDelegate.swift; sourceTree = "<group>"; };
		C0FE6C6D241B8D64002D41EC /* ContentView.swift */ = {isa = PBXFileReference; lastKnownFileType = sourcecode.swift; path = ContentView.swift; sourceTree = "<group>"; };
		C0FE6C6F241B8D67002D41EC /* Assets.xcassets */ = {isa = PBXFileReference; lastKnownFileType = folder.assetcatalog; path = Assets.xcassets; sourceTree = "<group>"; };
		C0FE6C72241B8D67002D41EC /* Preview Assets.xcassets */ = {isa = PBXFileReference; lastKnownFileType = folder.assetcatalog; path = "Preview Assets.xcassets"; sourceTree = "<group>"; };
		C0FE6C75241B8D67002D41EC /* Base */ = {isa = PBXFileReference; lastKnownFileType = file.storyboard; name = Base; path = Base.lproj/LaunchScreen.storyboard; sourceTree = "<group>"; };
		C0FE6C77241B8D67002D41EC /* Info.plist */ = {isa = PBXFileReference; lastKnownFileType = text.plist.xml; path = Info.plist; sourceTree = "<group>"; };
		C0FE6C80241B9634002D41EC /* ServiceManager.swift */ = {isa = PBXFileReference; lastKnownFileType = sourcecode.swift; path = ServiceManager.swift; sourceTree = "<group>"; };
		C0FE6C82241B96D9002D41EC /* CurrenciesModel.swift */ = {isa = PBXFileReference; lastKnownFileType = sourcecode.swift; path = CurrenciesModel.swift; sourceTree = "<group>"; };
		C0FE6C84241B99E0002D41EC /* SendMoneyVC.swift */ = {isa = PBXFileReference; lastKnownFileType = sourcecode.swift; path = SendMoneyVC.swift; sourceTree = "<group>"; };
		C0FE6C86241B9BF7002D41EC /* SendMoneyVM.swift */ = {isa = PBXFileReference; lastKnownFileType = sourcecode.swift; path = SendMoneyVM.swift; sourceTree = "<group>"; };
		C0FE6C8B241BA30A002D41EC /* testimonial.mp4 */ = {isa = PBXFileReference; lastKnownFileType = file; path = testimonial.mp4; sourceTree = "<group>"; };
		C0FE6C92241BEE82002D41EC /* destination.json */ = {isa = PBXFileReference; fileEncoding = 4; lastKnownFileType = text.json; name = destination.json; path = PenguinPay/destination.json; sourceTree = SOURCE_ROOT; };
		C0FE6C98241BF244002D41EC /* DestionationModel.swift */ = {isa = PBXFileReference; lastKnownFileType = sourcecode.swift; path = DestionationModel.swift; sourceTree = "<group>"; };
/* End PBXFileReference section */

/* Begin PBXFrameworksBuildPhase section */
		C0FE6C63241B8D64002D41EC /* Frameworks */ = {
			isa = PBXFrameworksBuildPhase;
			buildActionMask = 2147483647;
			files = (
				C0FE6C91241BE322002D41EC /* CardViewSPM in Frameworks */,
				C0FE6C7F241B9622002D41EC /* ServiceAPI in Frameworks */,
				C00C73C4241BF3D9007188D8 /* SDWebImage in Frameworks */,
				C0FE6C8E241BA3E2002D41EC /* CustomClassSPM in Frameworks */,
			);
			runOnlyForDeploymentPostprocessing = 0;
		};
/* End PBXFrameworksBuildPhase section */

/* Begin PBXGroup section */
		C00DEFDB241D800F0064CFAB /* CustomClass */ = {
			isa = PBXGroup;
			children = (
				C00DEFDC241D80380064CFAB /* CustomFormTextField.swift */,
				C00DEFE0241D87520064CFAB /* CustomTextFieldToolBar.swift */,
				C0187A8E241EA93F001B0394 /* TableWithSearchVC.swift */,
				C0187A91241ECD8C001B0394 /* FormTextField.swift */,
			);
			path = CustomClass;
			sourceTree = "<group>";
		};
		C0187A87241E8BB0001B0394 /* InitialView */ = {
			isa = PBXGroup;
			children = (
				C0212AA8241C197400E02C43 /* SendMoneyInitialView.swift */,
			);
			path = InitialView;
			sourceTree = "<group>";
		};
		C0187A88241E8BB9001B0394 /* ListOfDestinesView */ = {
			isa = PBXGroup;
			children = (
				C0212AAE241C254300E02C43 /* CountryListView.swift */,
				C0212AB3241D617900E02C43 /* ContinentListCell.swift */,
				C0212AB5241D61AB00E02C43 /* CountryListCell.swift */,
			);
			path = ListOfDestinesView;
			sourceTree = "<group>";
		};
		C0187A89241E8BD0001B0394 /* TransactionView */ = {
			isa = PBXGroup;
			children = (
				C00DEFDE241D86870064CFAB /* TransactionCell.swift */,
				C00DEFE2241DC28E0064CFAB /* TransactionSenderView.swift */,
				C0187A85241E8B53001B0394 /* TransactionReceiveView.swift */,
				C0187A8A241E8BFB001B0394 /* TransactionHeaderView.swift */,
				C0187A8C241EA877001B0394 /* FooterView.swift */,
			);
			path = TransactionView;
			sourceTree = "<group>";
		};
		C0187A93241EDA53001B0394 /* NewRecipientView */ = {
			isa = PBXGroup;
			children = (
				C0187A96241EDFC6001B0394 /* NewRecipientCell.swift */,
				C0187A98241F0406001B0394 /* NewRecipientCountryView.swift */,
				C0187A94241EDF94001B0394 /* NewRecipientNameView.swift */,
				C0187A9C241F1378001B0394 /* NewRecipientPhoneView.swift */,
			);
			path = NewRecipientView;
			sourceTree = "<group>";
		};
		C0212AA7241C195400E02C43 /* View */ = {
			isa = PBXGroup;
			children = (
				C0187A93241EDA53001B0394 /* NewRecipientView */,
				C0187A89241E8BD0001B0394 /* TransactionView */,
				C0187A88241E8BB9001B0394 /* ListOfDestinesView */,
				C0187A87241E8BB0001B0394 /* InitialView */,
			);
			path = View;
			sourceTree = "<group>";
		};
		C0212AB0241D587600E02C43 /* Extensions */ = {
			isa = PBXGroup;
			children = (
				C0212AB1241D588D00E02C43 /* Extensions.swift */,
			);
			path = Extensions;
			sourceTree = "<group>";
		};
		C0FE6C5D241B8D64002D41EC = {
			isa = PBXGroup;
			children = (
				C0FE6C68241B8D64002D41EC /* PenguinPay */,
				C0FE6C67241B8D64002D41EC /* Products */,
			);
			sourceTree = "<group>";
		};
		C0FE6C67241B8D64002D41EC /* Products */ = {
			isa = PBXGroup;
			children = (
				C0FE6C66241B8D64002D41EC /* PenguinPay.app */,
			);
			name = Products;
			sourceTree = "<group>";
		};
		C0FE6C68241B8D64002D41EC /* PenguinPay */ = {
			isa = PBXGroup;
			children = (
				C00DEFDB241D800F0064CFAB /* CustomClass */,
				C0212AB0241D587600E02C43 /* Extensions */,
				C0FE6C77241B8D67002D41EC /* Info.plist */,
				C0FE6C69241B8D64002D41EC /* AppDelegate.swift */,
				C0FE6C6D241B8D64002D41EC /* ContentView.swift */,
				C0FE6C6B241B8D64002D41EC /* SceneDelegate.swift */,
				C0FE6C6F241B8D67002D41EC /* Assets.xcassets */,
				C0FE6C74241B8D67002D41EC /* LaunchScreen.storyboard */,
				C0FE6C94241BF131002D41EC /* Model */,
				C0FE6C71241B8D67002D41EC /* Preview Content */,
				C0FE6C8A241BA2FE002D41EC /* Resources */,
				C0FE6C97241BF15C002D41EC /* ServiceManager */,
				C0212AA7241C195400E02C43 /* View */,
				C0FE6C95241BF13C002D41EC /* ViewController */,
				C0FE6C96241BF14D002D41EC /* ViewModel */,
			);
			path = PenguinPay;
			sourceTree = "<group>";
		};
		C0FE6C71241B8D67002D41EC /* Preview Content */ = {
			isa = PBXGroup;
			children = (
				C0FE6C72241B8D67002D41EC /* Preview Assets.xcassets */,
			);
			path = "Preview Content";
			sourceTree = "<group>";
		};
		C0FE6C8A241BA2FE002D41EC /* Resources */ = {
			isa = PBXGroup;
			children = (
				C0FE6C92241BEE82002D41EC /* destination.json */,
				C0FE6C8B241BA30A002D41EC /* testimonial.mp4 */,
			);
			path = Resources;
			sourceTree = "<group>";
		};
		C0FE6C94241BF131002D41EC /* Model */ = {
			isa = PBXGroup;
			children = (
				C0FE6C82241B96D9002D41EC /* CurrenciesModel.swift */,
				C0FE6C98241BF244002D41EC /* DestionationModel.swift */,
			);
			path = Model;
			sourceTree = "<group>";
		};
		C0FE6C95241BF13C002D41EC /* ViewController */ = {
			isa = PBXGroup;
			children = (
				C0212AB7241D61CD00E02C43 /* TransactionVC.swift */,
				C0FE6C84241B99E0002D41EC /* SendMoneyVC.swift */,
				C0212AAA241C19C300E02C43 /* ContinentListVC.swift */,
				C0212AAC241C1A1800E02C43 /* CountryListVC.swift */,
				C0187A9A241F07C9001B0394 /* NewRecipientVC.swift */,
			);
			path = ViewController;
			sourceTree = "<group>";
		};
		C0FE6C96241BF14D002D41EC /* ViewModel */ = {
			isa = PBXGroup;
			children = (
				C0FE6C86241B9BF7002D41EC /* SendMoneyVM.swift */,
			);
			path = ViewModel;
			sourceTree = "<group>";
		};
		C0FE6C97241BF15C002D41EC /* ServiceManager */ = {
			isa = PBXGroup;
			children = (
				C0FE6C80241B9634002D41EC /* ServiceManager.swift */,
			);
			path = ServiceManager;
			sourceTree = "<group>";
		};
/* End PBXGroup section */

/* Begin PBXNativeTarget section */
		C0FE6C65241B8D64002D41EC /* PenguinPay */ = {
			isa = PBXNativeTarget;
			buildConfigurationList = C0FE6C7A241B8D67002D41EC /* Build configuration list for PBXNativeTarget "PenguinPay" */;
			buildPhases = (
				C0FE6C62241B8D64002D41EC /* Sources */,
				C0FE6C63241B8D64002D41EC /* Frameworks */,
				C0FE6C64241B8D64002D41EC /* Resources */,
			);
			buildRules = (
			);
			dependencies = (
			);
			name = PenguinPay;
			packageProductDependencies = (
				C0FE6C7E241B9622002D41EC /* ServiceAPI */,
				C0FE6C8D241BA3E2002D41EC /* CustomClassSPM */,
				C0FE6C90241BE322002D41EC /* CardViewSPM */,
				C00C73C3241BF3D9007188D8 /* SDWebImage */,
			);
			productName = PenguinPay;
			productReference = C0FE6C66241B8D64002D41EC /* PenguinPay.app */;
			productType = "com.apple.product-type.application";
		};
/* End PBXNativeTarget section */

/* Begin PBXProject section */
		C0FE6C5E241B8D64002D41EC /* Project object */ = {
			isa = PBXProject;
			attributes = {
				LastSwiftUpdateCheck = 1130;
				LastUpgradeCheck = 1130;
				ORGANIZATIONNAME = Ciclic;
				TargetAttributes = {
					C0FE6C65241B8D64002D41EC = {
						CreatedOnToolsVersion = 11.3.1;
					};
				};
			};
			buildConfigurationList = C0FE6C61241B8D64002D41EC /* Build configuration list for PBXProject "PenguinPay" */;
			compatibilityVersion = "Xcode 9.3";
			developmentRegion = en;
			hasScannedForEncodings = 0;
			knownRegions = (
				en,
				Base,
			);
			mainGroup = C0FE6C5D241B8D64002D41EC;
			packageReferences = (
				C0FE6C7D241B9622002D41EC /* XCRemoteSwiftPackageReference "ServiceAPI" */,
				C0FE6C8C241BA3E2002D41EC /* XCRemoteSwiftPackageReference "CustomClassSPM" */,
				C0FE6C8F241BE322002D41EC /* XCRemoteSwiftPackageReference "CardViewSPM" */,
				C00C73C2241BF3D9007188D8 /* XCRemoteSwiftPackageReference "SDWebImage" */,
			);
			productRefGroup = C0FE6C67241B8D64002D41EC /* Products */;
			projectDirPath = "";
			projectRoot = "";
			targets = (
				C0FE6C65241B8D64002D41EC /* PenguinPay */,
			);
		};
/* End PBXProject section */

/* Begin PBXResourcesBuildPhase section */
		C0FE6C64241B8D64002D41EC /* Resources */ = {
			isa = PBXResourcesBuildPhase;
			buildActionMask = 2147483647;
			files = (
				C0FE6C76241B8D67002D41EC /* LaunchScreen.storyboard in Resources */,
				C0FE6C73241B8D67002D41EC /* Preview Assets.xcassets in Resources */,
				C0FE6C93241BEE82002D41EC /* destination.json in Resources */,
				C0FE6C70241B8D67002D41EC /* Assets.xcassets in Resources */,
			);
			runOnlyForDeploymentPostprocessing = 0;
		};
/* End PBXResourcesBuildPhase section */

/* Begin PBXSourcesBuildPhase section */
		C0FE6C62241B8D64002D41EC /* Sources */ = {
			isa = PBXSourcesBuildPhase;
			buildActionMask = 2147483647;
			files = (
				C0212AB6241D61AB00E02C43 /* CountryListCell.swift in Sources */,
				C0212AAB241C19C300E02C43 /* ContinentListVC.swift in Sources */,
				C0187A97241EDFC6001B0394 /* NewRecipientCell.swift in Sources */,
				C0187A8F241EA93F001B0394 /* TableWithSearchVC.swift in Sources */,
				C0187A9D241F1378001B0394 /* NewRecipientPhoneView.swift in Sources */,
				C0FE6C6A241B8D64002D41EC /* AppDelegate.swift in Sources */,
				C00DEFDF241D86870064CFAB /* TransactionCell.swift in Sources */,
				C00DEFE3241DC28E0064CFAB /* TransactionSenderView.swift in Sources */,
				C0FE6C85241B99E0002D41EC /* SendMoneyVC.swift in Sources */,
				C00DEFE1241D87520064CFAB /* CustomTextFieldToolBar.swift in Sources */,
				C0212AAF241C254300E02C43 /* CountryListView.swift in Sources */,
				C0187A9B241F07C9001B0394 /* NewRecipientVC.swift in Sources */,
				C0187A86241E8B53001B0394 /* TransactionReceiveView.swift in Sources */,
				C0FE6C83241B96D9002D41EC /* CurrenciesModel.swift in Sources */,
				C0212AA9241C197400E02C43 /* SendMoneyInitialView.swift in Sources */,
				C0FE6C87241B9BF7002D41EC /* SendMoneyVM.swift in Sources */,
				C0212AAD241C1A1800E02C43 /* CountryListVC.swift in Sources */,
				C0FE6C6C241B8D64002D41EC /* SceneDelegate.swift in Sources */,
				C0FE6C99241BF244002D41EC /* DestionationModel.swift in Sources */,
				C0212AB8241D61CD00E02C43 /* TransactionVC.swift in Sources */,
				C0212AB4241D617900E02C43 /* ContinentListCell.swift in Sources */,
				C0FE6C6E241B8D64002D41EC /* ContentView.swift in Sources */,
				C0FE6C81241B9634002D41EC /* ServiceManager.swift in Sources */,
				C00DEFDD241D80380064CFAB /* CustomFormTextField.swift in Sources */,
				C0187A8D241EA877001B0394 /* FooterView.swift in Sources */,
				C0187A99241F0406001B0394 /* NewRecipientCountryView.swift in Sources */,
				C0187A95241EDF94001B0394 /* NewRecipientNameView.swift in Sources */,
				C0187A92241ECD8C001B0394 /* FormTextField.swift in Sources */,
				C0187A8B241E8BFB001B0394 /* TransactionHeaderView.swift in Sources */,
				C0212AB2241D588D00E02C43 /* Extensions.swift in Sources */,
			);
			runOnlyForDeploymentPostprocessing = 0;
		};
/* End PBXSourcesBuildPhase section */

/* Begin PBXVariantGroup section */
		C0FE6C74241B8D67002D41EC /* LaunchScreen.storyboard */ = {
			isa = PBXVariantGroup;
			children = (
				C0FE6C75241B8D67002D41EC /* Base */,
			);
			name = LaunchScreen.storyboard;
			sourceTree = "<group>";
		};
/* End PBXVariantGroup section */

/* Begin XCBuildConfiguration section */
		C0FE6C78241B8D67002D41EC /* Debug */ = {
			isa = XCBuildConfiguration;
			buildSettings = {
				ALWAYS_SEARCH_USER_PATHS = NO;
				CLANG_ANALYZER_NONNULL = YES;
				CLANG_ANALYZER_NUMBER_OBJECT_CONVERSION = YES_AGGRESSIVE;
				CLANG_CXX_LANGUAGE_STANDARD = "gnu++14";
				CLANG_CXX_LIBRARY = "libc++";
				CLANG_ENABLE_MODULES = YES;
				CLANG_ENABLE_OBJC_ARC = YES;
				CLANG_ENABLE_OBJC_WEAK = YES;
				CLANG_WARN_BLOCK_CAPTURE_AUTORELEASING = YES;
				CLANG_WARN_BOOL_CONVERSION = YES;
				CLANG_WARN_COMMA = YES;
				CLANG_WARN_CONSTANT_CONVERSION = YES;
				CLANG_WARN_DEPRECATED_OBJC_IMPLEMENTATIONS = YES;
				CLANG_WARN_DIRECT_OBJC_ISA_USAGE = YES_ERROR;
				CLANG_WARN_DOCUMENTATION_COMMENTS = YES;
				CLANG_WARN_EMPTY_BODY = YES;
				CLANG_WARN_ENUM_CONVERSION = YES;
				CLANG_WARN_INFINITE_RECURSION = YES;
				CLANG_WARN_INT_CONVERSION = YES;
				CLANG_WARN_NON_LITERAL_NULL_CONVERSION = YES;
				CLANG_WARN_OBJC_IMPLICIT_RETAIN_SELF = YES;
				CLANG_WARN_OBJC_LITERAL_CONVERSION = YES;
				CLANG_WARN_OBJC_ROOT_CLASS = YES_ERROR;
				CLANG_WARN_RANGE_LOOP_ANALYSIS = YES;
				CLANG_WARN_STRICT_PROTOTYPES = YES;
				CLANG_WARN_SUSPICIOUS_MOVE = YES;
				CLANG_WARN_UNGUARDED_AVAILABILITY = YES_AGGRESSIVE;
				CLANG_WARN_UNREACHABLE_CODE = YES;
				CLANG_WARN__DUPLICATE_METHOD_MATCH = YES;
				COPY_PHASE_STRIP = NO;
				DEBUG_INFORMATION_FORMAT = dwarf;
				ENABLE_STRICT_OBJC_MSGSEND = YES;
				ENABLE_TESTABILITY = YES;
				GCC_C_LANGUAGE_STANDARD = gnu11;
				GCC_DYNAMIC_NO_PIC = NO;
				GCC_NO_COMMON_BLOCKS = YES;
				GCC_OPTIMIZATION_LEVEL = 0;
				GCC_PREPROCESSOR_DEFINITIONS = (
					"DEBUG=1",
					"$(inherited)",
				);
				GCC_WARN_64_TO_32_BIT_CONVERSION = YES;
				GCC_WARN_ABOUT_RETURN_TYPE = YES_ERROR;
				GCC_WARN_UNDECLARED_SELECTOR = YES;
				GCC_WARN_UNINITIALIZED_AUTOS = YES_AGGRESSIVE;
				GCC_WARN_UNUSED_FUNCTION = YES;
				GCC_WARN_UNUSED_VARIABLE = YES;
				IPHONEOS_DEPLOYMENT_TARGET = 13.2;
				MTL_ENABLE_DEBUG_INFO = INCLUDE_SOURCE;
				MTL_FAST_MATH = YES;
				ONLY_ACTIVE_ARCH = YES;
				SDKROOT = iphoneos;
				SWIFT_ACTIVE_COMPILATION_CONDITIONS = DEBUG;
				SWIFT_OPTIMIZATION_LEVEL = "-Onone";
			};
			name = Debug;
		};
		C0FE6C79241B8D67002D41EC /* Release */ = {
			isa = XCBuildConfiguration;
			buildSettings = {
				ALWAYS_SEARCH_USER_PATHS = NO;
				CLANG_ANALYZER_NONNULL = YES;
				CLANG_ANALYZER_NUMBER_OBJECT_CONVERSION = YES_AGGRESSIVE;
				CLANG_CXX_LANGUAGE_STANDARD = "gnu++14";
				CLANG_CXX_LIBRARY = "libc++";
				CLANG_ENABLE_MODULES = YES;
				CLANG_ENABLE_OBJC_ARC = YES;
				CLANG_ENABLE_OBJC_WEAK = YES;
				CLANG_WARN_BLOCK_CAPTURE_AUTORELEASING = YES;
				CLANG_WARN_BOOL_CONVERSION = YES;
				CLANG_WARN_COMMA = YES;
				CLANG_WARN_CONSTANT_CONVERSION = YES;
				CLANG_WARN_DEPRECATED_OBJC_IMPLEMENTATIONS = YES;
				CLANG_WARN_DIRECT_OBJC_ISA_USAGE = YES_ERROR;
				CLANG_WARN_DOCUMENTATION_COMMENTS = YES;
				CLANG_WARN_EMPTY_BODY = YES;
				CLANG_WARN_ENUM_CONVERSION = YES;
				CLANG_WARN_INFINITE_RECURSION = YES;
				CLANG_WARN_INT_CONVERSION = YES;
				CLANG_WARN_NON_LITERAL_NULL_CONVERSION = YES;
				CLANG_WARN_OBJC_IMPLICIT_RETAIN_SELF = YES;
				CLANG_WARN_OBJC_LITERAL_CONVERSION = YES;
				CLANG_WARN_OBJC_ROOT_CLASS = YES_ERROR;
				CLANG_WARN_RANGE_LOOP_ANALYSIS = YES;
				CLANG_WARN_STRICT_PROTOTYPES = YES;
				CLANG_WARN_SUSPICIOUS_MOVE = YES;
				CLANG_WARN_UNGUARDED_AVAILABILITY = YES_AGGRESSIVE;
				CLANG_WARN_UNREACHABLE_CODE = YES;
				CLANG_WARN__DUPLICATE_METHOD_MATCH = YES;
				COPY_PHASE_STRIP = NO;
				DEBUG_INFORMATION_FORMAT = "dwarf-with-dsym";
				ENABLE_NS_ASSERTIONS = NO;
				ENABLE_STRICT_OBJC_MSGSEND = YES;
				GCC_C_LANGUAGE_STANDARD = gnu11;
				GCC_NO_COMMON_BLOCKS = YES;
				GCC_WARN_64_TO_32_BIT_CONVERSION = YES;
				GCC_WARN_ABOUT_RETURN_TYPE = YES_ERROR;
				GCC_WARN_UNDECLARED_SELECTOR = YES;
				GCC_WARN_UNINITIALIZED_AUTOS = YES_AGGRESSIVE;
				GCC_WARN_UNUSED_FUNCTION = YES;
				GCC_WARN_UNUSED_VARIABLE = YES;
				IPHONEOS_DEPLOYMENT_TARGET = 13.2;
				MTL_ENABLE_DEBUG_INFO = NO;
				MTL_FAST_MATH = YES;
				SDKROOT = iphoneos;
				SWIFT_COMPILATION_MODE = wholemodule;
				SWIFT_OPTIMIZATION_LEVEL = "-O";
				VALIDATE_PRODUCT = YES;
			};
			name = Release;
		};
		C0FE6C7B241B8D67002D41EC /* Debug */ = {
			isa = XCBuildConfiguration;
			buildSettings = {
				ASSETCATALOG_COMPILER_APPICON_NAME = AppIcon;
				CODE_SIGN_STYLE = Automatic;
				DEVELOPMENT_ASSET_PATHS = "\"PenguinPay/Preview Content\"";
				DEVELOPMENT_TEAM = 4PQ75NFB72;
				ENABLE_PREVIEWS = YES;
				INFOPLIST_FILE = PenguinPay/Info.plist;
				LD_RUNPATH_SEARCH_PATHS = (
					"$(inherited)",
					"@executable_path/Frameworks",
				);
				PRODUCT_BUNDLE_IDENTIFIER = br.com.ciclic.PenguinPay;
				PRODUCT_NAME = "$(TARGET_NAME)";
				SWIFT_VERSION = 5.0;
				TARGETED_DEVICE_FAMILY = "1,2";
			};
			name = Debug;
		};
		C0FE6C7C241B8D67002D41EC /* Release */ = {
			isa = XCBuildConfiguration;
			buildSettings = {
				ASSETCATALOG_COMPILER_APPICON_NAME = AppIcon;
				CODE_SIGN_STYLE = Automatic;
				DEVELOPMENT_ASSET_PATHS = "\"PenguinPay/Preview Content\"";
				DEVELOPMENT_TEAM = 4PQ75NFB72;
				ENABLE_PREVIEWS = YES;
				INFOPLIST_FILE = PenguinPay/Info.plist;
				LD_RUNPATH_SEARCH_PATHS = (
					"$(inherited)",
					"@executable_path/Frameworks",
				);
				PRODUCT_BUNDLE_IDENTIFIER = br.com.ciclic.PenguinPay;
				PRODUCT_NAME = "$(TARGET_NAME)";
				SWIFT_VERSION = 5.0;
				TARGETED_DEVICE_FAMILY = "1,2";
			};
			name = Release;
		};
/* End XCBuildConfiguration section */

/* Begin XCConfigurationList section */
		C0FE6C61241B8D64002D41EC /* Build configuration list for PBXProject "PenguinPay" */ = {
			isa = XCConfigurationList;
			buildConfigurations = (
				C0FE6C78241B8D67002D41EC /* Debug */,
				C0FE6C79241B8D67002D41EC /* Release */,
			);
			defaultConfigurationIsVisible = 0;
			defaultConfigurationName = Release;
		};
		C0FE6C7A241B8D67002D41EC /* Build configuration list for PBXNativeTarget "PenguinPay" */ = {
			isa = XCConfigurationList;
			buildConfigurations = (
				C0FE6C7B241B8D67002D41EC /* Debug */,
				C0FE6C7C241B8D67002D41EC /* Release */,
			);
			defaultConfigurationIsVisible = 0;
			defaultConfigurationName = Release;
		};
/* End XCConfigurationList section */

/* Begin XCRemoteSwiftPackageReference section */
		C00C73C2241BF3D9007188D8 /* XCRemoteSwiftPackageReference "SDWebImage" */ = {
			isa = XCRemoteSwiftPackageReference;
			repositoryURL = "https://github.com/SDWebImage/SDWebImage.git";
			requirement = {
				kind = upToNextMajorVersion;
				minimumVersion = 5.6.1;
			};
		};
		C0FE6C7D241B9622002D41EC /* XCRemoteSwiftPackageReference "ServiceAPI" */ = {
			isa = XCRemoteSwiftPackageReference;
			repositoryURL = "https://github.com/Alvathor/ServiceAPI.git";
			requirement = {
				branch = Development;
				kind = branch;
			};
		};
		C0FE6C8C241BA3E2002D41EC /* XCRemoteSwiftPackageReference "CustomClassSPM" */ = {
			isa = XCRemoteSwiftPackageReference;
			repositoryURL = "https://github.com/Alvathor/CustomClassSPM.git";
			requirement = {
				branch = master;
				kind = branch;
			};
		};
		C0FE6C8F241BE322002D41EC /* XCRemoteSwiftPackageReference "CardViewSPM" */ = {
			isa = XCRemoteSwiftPackageReference;
			repositoryURL = "https://github.com/Alvathor/CardViewSPM.git";
			requirement = {
				branch = Development;
				kind = branch;
			};
		};
/* End XCRemoteSwiftPackageReference section */

/* Begin XCSwiftPackageProductDependency section */
		C00C73C3241BF3D9007188D8 /* SDWebImage */ = {
			isa = XCSwiftPackageProductDependency;
			package = C00C73C2241BF3D9007188D8 /* XCRemoteSwiftPackageReference "SDWebImage" */;
			productName = SDWebImage;
		};
		C0FE6C7E241B9622002D41EC /* ServiceAPI */ = {
			isa = XCSwiftPackageProductDependency;
			package = C0FE6C7D241B9622002D41EC /* XCRemoteSwiftPackageReference "ServiceAPI" */;
			productName = ServiceAPI;
		};
		C0FE6C8D241BA3E2002D41EC /* CustomClassSPM */ = {
			isa = XCSwiftPackageProductDependency;
			package = C0FE6C8C241BA3E2002D41EC /* XCRemoteSwiftPackageReference "CustomClassSPM" */;
			productName = CustomClassSPM;
		};
		C0FE6C90241BE322002D41EC /* CardViewSPM */ = {
			isa = XCSwiftPackageProductDependency;
			package = C0FE6C8F241BE322002D41EC /* XCRemoteSwiftPackageReference "CardViewSPM" */;
			productName = CardViewSPM;
		};
/* End XCSwiftPackageProductDependency section */
	};
	rootObject = C0FE6C5E241B8D64002D41EC /* Project object */;
}
